
Microsoft Visual Studio Solution File, Format Version 12.00
# Visual Studio 15
VisualStudioVersion = 15.0.28307.1000
MinimumVisualStudioVersion = 10.0.40219.1
Project("{FAE04EC0-301F-11D3-BF4B-00C04F79EFBC}") = "Propuesto2", "Propuesto2\Propuesto2.csproj", "{67650A28-3018-42C6-B2E4-F189EC795952}"
EndProject
Global
	GlobalSection(SolutionConfigurationPlatforms) = preSolution
		Debug|Any CPU = Debug|Any CPU
		Release|Any CPU = Release|Any CPU
	EndGlobalSection
	GlobalSection(ProjectConfigurationPlatforms) = postSolution
		{67650A28-3018-42C6-B2E4-F189EC795952}.Debug|Any CPU.ActiveCfg = Debug|Any CPU
		{67650A28-3018-42C6-B2E4-F189EC795952}.Debug|Any CPU.Build.0 = Debug|Any CPU
		{67650A28-3018-42C6-B2E4-F189EC795952}.Release|Any CPU.ActiveCfg = Release|Any CPU
		{67650A28-3018-42C6-B2E4-F189EC795952}.Release|Any CPU.Build.0 = Release|Any CPU
	EndGlobalSection
	GlobalSection(SolutionProperties) = preSolution
		HideSolutionNode = FALSE
	EndGlobalSection
	GlobalSection(ExtensibilityGlobals) = postSolution
		SolutionGuid = {8253F108-EC4E-4562-ABC7-62FE0DAF1F76}
	EndGlobalSection
EndGlobal
